schema: '2.0'
stages:
  data_ingestion:
    cmd: python src/data/data_ingestion.py
    deps:
    - path: src/data/data_ingestion.py
      hash: md5
      md5: 37a05093588ca2e8a649d9e96c4130b8
      size: 1376
    params:
      params.yaml:
        data_ingestion.test_size: 0.2
    outs:
    - path: data/raw
      hash: md5
      md5: b558868568c58d07b21917adba43f4c6.dir
      size: 887224
      nfiles: 2
  data_preprocessing:
    cmd: python src/data/data_preprocessing.py
    deps:
    - path: data/raw
      hash: md5
      md5: b558868568c58d07b21917adba43f4c6.dir
      size: 887224
      nfiles: 2
    - path: src/data/data_preprocessing.py
      hash: md5
      md5: 9be6bb752bc15e887cca4be5552aaed0
      size: 2427
    outs:
    - path: data/processed
      hash: md5
      md5: e7b102a9ab5163478659c5d094119662.dir
      size: 675133
      nfiles: 2
  feature_engineering:
    cmd: python src/features/feature_engineering.py
    deps:
    - path: data/processed
      hash: md5
      md5: e7b102a9ab5163478659c5d094119662.dir
      size: 675133
      nfiles: 2
    - path: src/features/feature_engineering.py
      hash: md5
      md5: d2f58d36b9f547f9e587116eda40d669
      size: 1171
    params:
      params.yaml:
        feature_engineering.max_features: 100
    outs:
    - path: data/features
      hash: md5
      md5: 8bb5c46e0bd924e521fc9a0a645c0e94.dir
      size: 4585671
      nfiles: 2
  model_building:
    cmd: python src/models/model_building.py
    deps:
    - path: data/features
      hash: md5
      md5: 8bb5c46e0bd924e521fc9a0a645c0e94.dir
      size: 4585671
      nfiles: 2
    - path: src/models/model_building.py
      hash: md5
      md5: c7b7280a8887f84bbf7df9eed259a2f5
      size: 586
    params:
      params.yaml:
        model_building.learning_rate: 0.1
        model_building.n_estimators: 25
    outs:
    - path: models/model.pkl
      hash: md5
      md5: ebe4d9be882d9dcd42d59e9c00f0de80
      size: 39634
  model_evaluation:
    cmd: python src/models/model_evaluation.py
    deps:
    - path: models/model.pkl
      hash: md5
      md5: ebe4d9be882d9dcd42d59e9c00f0de80
      size: 39634
    - path: src/models/model_evaluation.py
      hash: md5
      md5: 56e93d0582a88dc62b89d4030f6b3131
      size: 835
    outs:
    - path: reports/metrics.json
      hash: md5
      md5: 90bf2ec3819faf3703e2596bd937bbea
      size: 146
