schema: '2.0'
stages:
  data_ingestion:
    cmd: python src/data_ingestion.py
    deps:
    - path: src/data_ingestion.py
      hash: md5
      md5: b9db00ebd36249a3f2a7cc0dccb21d13
      size: 694
    outs:
    - path: data/raw
      hash: md5
      md5: b558868568c58d07b21917adba43f4c6.dir
      size: 887224
      nfiles: 2
  data_preprocessing:
    cmd: python src/data_preprocessing.py
    deps:
    - path: data/raw
      hash: md5
      md5: b558868568c58d07b21917adba43f4c6.dir
      size: 887224
      nfiles: 2
    - path: src/data_preprocessing.py
      hash: md5
      md5: 9be6bb752bc15e887cca4be5552aaed0
      size: 2427
    outs:
    - path: data/processed
      hash: md5
      md5: e7b102a9ab5163478659c5d094119662.dir
      size: 675133
      nfiles: 2
  feature_engineering:
    cmd: python src/feature_engineering.py
    deps:
    - path: data/processed
      hash: md5
      md5: e7b102a9ab5163478659c5d094119662.dir
      size: 675133
      nfiles: 2
    - path: src/feature_engineering.py
      hash: md5
      md5: 29ffc540ad08e07f54459066830f4afe
      size: 1047
    outs:
    - path: data/features
      hash: md5
      md5: a1c9148bf851adfcb306852ce7f9609b.dir
      size: 10458568
      nfiles: 2
  model_building:
    cmd: python src/model_building.py
    deps:
    - path: data/features
      hash: md5
      md5: a1c9148bf851adfcb306852ce7f9609b.dir
      size: 10458568
      nfiles: 2
    - path: src/model_building.py
      hash: md5
      md5: d18bbf9826b8ea9a26a8e5c71a655544
      size: 436
    outs:
    - path: model.pkl
      hash: md5
      md5: 9cb0bdcd4f89853b04ff0b3bed7e4d27
      size: 70708
  model_evaluation:
    cmd: python src/model_evaluation.py
    deps:
    - path: model.pkl
      hash: md5
      md5: 9cb0bdcd4f89853b04ff0b3bed7e4d27
      size: 70708
    - path: src/model_evaluation.py
      hash: md5
      md5: e466616b2cf89b8dc723e610694338a3
      size: 818
    outs:
    - path: metrics.json
      hash: md5
      md5: 1cac8c4651656a7943c8c0c5effd69e6
      size: 144
